
Microsoft Visual Studio Solution File, Format Version 12.00
# Visual Studio 15
Project("{FAE04EC0-301F-11D3-BF4B-00C04F79EFBC}") = "Assembly-CSharp", "Assembly-CSharp.csproj", "{EA73A941-CD31-F0C1-0615-8BF28EF76C0E}"
EndProject
Global
	GlobalSection(SolutionConfigurationPlatforms) = preSolution
		Debug|Any CPU = Debug|Any CPU
		Release|Any CPU = Release|Any CPU
	EndGlobalSection
	GlobalSection(ProjectConfigurationPlatforms) = postSolution
		{EA73A941-CD31-F0C1-0615-8BF28EF76C0E}.Debug|Any CPU.ActiveCfg = Debug|Any CPU
		{EA73A941-CD31-F0C1-0615-8BF28EF76C0E}.Debug|Any CPU.Build.0 = Debug|Any CPU
		{EA73A941-CD31-F0C1-0615-8BF28EF76C0E}.Release|Any CPU.ActiveCfg = Release|Any CPU
		{EA73A941-CD31-F0C1-0615-8BF28EF76C0E}.Release|Any CPU.Build.0 = Release|Any CPU
	EndGlobalSection
	GlobalSection(SolutionProperties) = preSolution
		HideSolutionNode = FALSE
	EndGlobalSection
EndGlobal
